
Microsoft Visual Studio Solution File, Format Version 12.00
# Visual Studio 15
VisualStudioVersion = 15.0.27703.2000
MinimumVisualStudioVersion = 10.0.40219.1
Project("{FAE04EC0-301F-11D3-BF4B-00C04F79EFBC}") = "NoteAppUI", "NoteAppUI\NoteAppUI.csproj", "{D6F0FD40-5EE8-4065-AC0A-1DBEDA6A4834}"
EndProject
Project("{FAE04EC0-301F-11D3-BF4B-00C04F79EFBC}") = "NoteApp", "NoteApp\NoteApp.csproj", "{82E98269-4668-41AE-A6EF-4F0D1243E8FA}"
EndProject
Project("{FAE04EC0-301F-11D3-BF4B-00C04F79EFBC}") = "NoteApp.UnitTests", "NoteApp.UnitTests\NoteApp.UnitTests.csproj", "{BEAC1149-6605-4D5C-9BD0-8B477BD82D9B}"
EndProject
Global
	GlobalSection(SolutionConfigurationPlatforms) = preSolution
		Debug|Any CPU = Debug|Any CPU
		Release|Any CPU = Release|Any CPU
	EndGlobalSection
	GlobalSection(ProjectConfigurationPlatforms) = postSolution
		{D6F0FD40-5EE8-4065-AC0A-1DBEDA6A4834}.Debug|Any CPU.ActiveCfg = Debug|Any CPU
		{D6F0FD40-5EE8-4065-AC0A-1DBEDA6A4834}.Debug|Any CPU.Build.0 = Debug|Any CPU
		{D6F0FD40-5EE8-4065-AC0A-1DBEDA6A4834}.Release|Any CPU.ActiveCfg = Release|Any CPU
		{D6F0FD40-5EE8-4065-AC0A-1DBEDA6A4834}.Release|Any CPU.Build.0 = Release|Any CPU
		{82E98269-4668-41AE-A6EF-4F0D1243E8FA}.Debug|Any CPU.ActiveCfg = Debug|Any CPU
		{82E98269-4668-41AE-A6EF-4F0D1243E8FA}.Debug|Any CPU.Build.0 = Debug|Any CPU
		{82E98269-4668-41AE-A6EF-4F0D1243E8FA}.Release|Any CPU.ActiveCfg = Release|Any CPU
		{82E98269-4668-41AE-A6EF-4F0D1243E8FA}.Release|Any CPU.Build.0 = Release|Any CPU
		{BEAC1149-6605-4D5C-9BD0-8B477BD82D9B}.Debug|Any CPU.ActiveCfg = Debug|Any CPU
		{BEAC1149-6605-4D5C-9BD0-8B477BD82D9B}.Debug|Any CPU.Build.0 = Debug|Any CPU
		{BEAC1149-6605-4D5C-9BD0-8B477BD82D9B}.Release|Any CPU.ActiveCfg = Release|Any CPU
		{BEAC1149-6605-4D5C-9BD0-8B477BD82D9B}.Release|Any CPU.Build.0 = Release|Any CPU
	EndGlobalSection
	GlobalSection(SolutionProperties) = preSolution
		HideSolutionNode = FALSE
	EndGlobalSection
	GlobalSection(ExtensibilityGlobals) = postSolution
		SolutionGuid = {B23747ED-4005-42CF-8A35-C76675792F4B}
	EndGlobalSection
EndGlobal
